
Microsoft Visual Studio Solution File, Format Version 12.00
# Visual Studio Version 16
VisualStudioVersion = 16.0.32106.194
MinimumVisualStudioVersion = 10.0.40219.1
Project("{FAE04EC0-301F-11D3-BF4B-00C04F79EFBC}") = "Coffeeshop", "Coffeeshop\Coffeeshop.csproj", "{652B73CC-A042-4F65-9EC9-4F617B89BCFE}"
EndProject
Global
	GlobalSection(SolutionConfigurationPlatforms) = preSolution
		Debug|Any CPU = Debug|Any CPU
		Release|Any CPU = Release|Any CPU
	EndGlobalSection
	GlobalSection(ProjectConfigurationPlatforms) = postSolution
		{652B73CC-A042-4F65-9EC9-4F617B89BCFE}.Debug|Any CPU.ActiveCfg = Debug|Any CPU
		{652B73CC-A042-4F65-9EC9-4F617B89BCFE}.Debug|Any CPU.Build.0 = Debug|Any CPU
		{652B73CC-A042-4F65-9EC9-4F617B89BCFE}.Release|Any CPU.ActiveCfg = Release|Any CPU
		{652B73CC-A042-4F65-9EC9-4F617B89BCFE}.Release|Any CPU.Build.0 = Release|Any CPU
	EndGlobalSection
	GlobalSection(SolutionProperties) = preSolution
		HideSolutionNode = FALSE
	EndGlobalSection
	GlobalSection(ExtensibilityGlobals) = postSolution
		SolutionGuid = {EB76994F-D472-4E9E-995D-3616451F380E}
	EndGlobalSection
EndGlobal
